
Microsoft Visual Studio Solution File, Format Version 12.00
# Visual Studio Version 17
VisualStudioVersion = 17.13.35931.197 d17.13
MinimumVisualStudioVersion = 10.0.40219.1
Project("{FAE04EC0-301F-11D3-BF4B-00C04F79EFBC}") = "SalãoCabeleleiro", "SalãoCabeleleiro\SalãoCabeleleiro.csproj", "{FF1CF5A9-6108-4CA6-A2C6-18C3DA2401DC}"
EndProject
Global
	GlobalSection(SolutionConfigurationPlatforms) = preSolution
		Debug|Any CPU = Debug|Any CPU
		Release|Any CPU = Release|Any CPU
	EndGlobalSection
	GlobalSection(ProjectConfigurationPlatforms) = postSolution
		{FF1CF5A9-6108-4CA6-A2C6-18C3DA2401DC}.Debug|Any CPU.ActiveCfg = Debug|Any CPU
		{FF1CF5A9-6108-4CA6-A2C6-18C3DA2401DC}.Debug|Any CPU.Build.0 = Debug|Any CPU
		{FF1CF5A9-6108-4CA6-A2C6-18C3DA2401DC}.Release|Any CPU.ActiveCfg = Release|Any CPU
		{FF1CF5A9-6108-4CA6-A2C6-18C3DA2401DC}.Release|Any CPU.Build.0 = Release|Any CPU
	EndGlobalSection
	GlobalSection(SolutionProperties) = preSolution
		HideSolutionNode = FALSE
	EndGlobalSection
	GlobalSection(ExtensibilityGlobals) = postSolution
		SolutionGuid = {629697D4-887F-4654-896C-B7A0FCCF49A4}
	EndGlobalSection
EndGlobal
